
Microsoft Visual Studio Solution File, Format Version 12.00
# Visual Studio Version 16
VisualStudioVersion = 16.0.30320.27
MinimumVisualStudioVersion = 10.0.40219.1
Project("{FAE04EC0-301F-11D3-BF4B-00C04F79EFBC}") = "HealthClinicProject", "HealthClinicProject\HealthClinicProject.csproj", "{00739B05-1B61-4C2B-8B32-D6C83212AEDD}"
EndProject
Global
	GlobalSection(SolutionConfigurationPlatforms) = preSolution
		Debug|Any CPU = Debug|Any CPU
		Release|Any CPU = Release|Any CPU
	EndGlobalSection
	GlobalSection(ProjectConfigurationPlatforms) = postSolution
		{00739B05-1B61-4C2B-8B32-D6C83212AEDD}.Debug|Any CPU.ActiveCfg = Debug|Any CPU
		{00739B05-1B61-4C2B-8B32-D6C83212AEDD}.Debug|Any CPU.Build.0 = Debug|Any CPU
		{00739B05-1B61-4C2B-8B32-D6C83212AEDD}.Release|Any CPU.ActiveCfg = Release|Any CPU
		{00739B05-1B61-4C2B-8B32-D6C83212AEDD}.Release|Any CPU.Build.0 = Release|Any CPU
	EndGlobalSection
	GlobalSection(SolutionProperties) = preSolution
		HideSolutionNode = FALSE
	EndGlobalSection
	GlobalSection(ExtensibilityGlobals) = postSolution
		SolutionGuid = {1E7D4F17-B13F-4D09-8D14-2D5CD35664A5}
	EndGlobalSection
EndGlobal
